
Microsoft Visual Studio Solution File, Format Version 12.00
# Visual Studio 15
VisualStudioVersion = 15.0.27130.2020
MinimumVisualStudioVersion = 10.0.40219.1
Project("{8BC9CEB8-8B4A-11D0-8D11-00A0C91BC942}") = "CST126_1", "CST126_1\CST126_1.vcxproj", "{E3ED2B8C-5CDF-4A1B-9814-D0C244CF1648}"
EndProject
Project("{2150E333-8FDC-42A3-9474-1A3956D46DE8}") = "Solution Items", "Solution Items", "{FA7018A4-A465-437F-9D9A-4E80F6F11440}"
	ProjectSection(SolutionItems) = preProject
		README.md = README.md
	EndProjectSection
EndProject
Global
	GlobalSection(SolutionConfigurationPlatforms) = preSolution
		Debug|x64 = Debug|x64
		Debug|x86 = Debug|x86
		Release|x64 = Release|x64
		Release|x86 = Release|x86
	EndGlobalSection
	GlobalSection(ProjectConfigurationPlatforms) = postSolution
		{E3ED2B8C-5CDF-4A1B-9814-D0C244CF1648}.Debug|x64.ActiveCfg = Debug|x64
		{E3ED2B8C-5CDF-4A1B-9814-D0C244CF1648}.Debug|x64.Build.0 = Debug|x64
		{E3ED2B8C-5CDF-4A1B-9814-D0C244CF1648}.Debug|x86.ActiveCfg = Debug|Win32
		{E3ED2B8C-5CDF-4A1B-9814-D0C244CF1648}.Debug|x86.Build.0 = Debug|Win32
		{E3ED2B8C-5CDF-4A1B-9814-D0C244CF1648}.Release|x64.ActiveCfg = Release|x64
		{E3ED2B8C-5CDF-4A1B-9814-D0C244CF1648}.Release|x64.Build.0 = Release|x64
		{E3ED2B8C-5CDF-4A1B-9814-D0C244CF1648}.Release|x86.ActiveCfg = Release|Win32
		{E3ED2B8C-5CDF-4A1B-9814-D0C244CF1648}.Release|x86.Build.0 = Release|Win32
	EndGlobalSection
	GlobalSection(SolutionProperties) = preSolution
		HideSolutionNode = FALSE
	EndGlobalSection
	GlobalSection(ExtensibilityGlobals) = postSolution
		SolutionGuid = {ED5F5A05-05B9-4AA8-81DE-EDED9CC205F6}
	EndGlobalSection
EndGlobal
